// !$*UTF8*$!
{
	archiveVersion = 1;
	classes = {
	};
	objectVersion = 46;
	objects = {

/* Begin PBXBuildFile section */
		DC6B549D1D43A43F00FC5ADC /* JUSQLdb+Delete.m in Sources */ = {isa = PBXBuildFile; fileRef = DC6B548D1D43A43F00FC5ADC /* JUSQLdb+Delete.m */; };
		DC6B549E1D43A43F00FC5ADC /* JUSQLdb+insert.m in Sources */ = {isa = PBXBuildFile; fileRef = DC6B548F1D43A43F00FC5ADC /* JUSQLdb+insert.m */; };
		DC6B549F1D43A43F00FC5ADC /* JUSQLdb+Select.m in Sources */ = {isa = PBXBuildFile; fileRef = DC6B54911D43A43F00FC5ADC /* JUSQLdb+Select.m */; };
		DC6B54A01D43A43F00FC5ADC /* JUSQLdb+Update.m in Sources */ = {isa = PBXBuildFile; fileRef = DC6B54931D43A43F00FC5ADC /* JUSQLdb+Update.m */; };
		DC6B54A11D43A43F00FC5ADC /* JUSQLdb.m in Sources */ = {isa = PBXBuildFile; fileRef = DC6B54951D43A43F00FC5ADC /* JUSQLdb.m */; };
		DC6B54A21D43A43F00FC5ADC /* JUSQLQueuedb.m in Sources */ = {isa = PBXBuildFile; fileRef = DC6B54971D43A43F00FC5ADC /* JUSQLQueuedb.m */; };
		DC6B54A31D43A43F00FC5ADC /* JUPublicSQL.m in Sources */ = {isa = PBXBuildFile; fileRef = DC6B549A1D43A43F00FC5ADC /* JUPublicSQL.m */; };
		DC6B54A41D43A44400FC5ADC /* FMDatabaseAdditions.m in Sources */ = {isa = PBXBuildFile; fileRef = DC6B547D1D43A43200FC5ADC /* FMDatabaseAdditions.m */; };
		DC6B54A51D43A44700FC5ADC /* FMDatabase.m in Sources */ = {isa = PBXBuildFile; fileRef = DC6B547B1D43A43200FC5ADC /* FMDatabase.m */; };
		DC6B54A61D43A44A00FC5ADC /* FMDatabasePool.m in Sources */ = {isa = PBXBuildFile; fileRef = DC6B547F1D43A43200FC5ADC /* FMDatabasePool.m */; };
		DC6B54A71D43A44D00FC5ADC /* FMDatabaseQueue.m in Sources */ = {isa = PBXBuildFile; fileRef = DC6B54811D43A43200FC5ADC /* FMDatabaseQueue.m */; };
		DC6B54A81D43A45000FC5ADC /* FMResultSet.m in Sources */ = {isa = PBXBuildFile; fileRef = DC6B54841D43A43200FC5ADC /* FMResultSet.m */; };
/* End PBXBuildFile section */

/* Begin PBXCopyFilesBuildPhase section */
		EBFEB22B1D3C93450033AFDE /* CopyFiles */ = {
			isa = PBXCopyFilesBuildPhase;
			buildActionMask = 2147483647;
			dstPath = "include/$(PRODUCT_NAME)";
			dstSubfolderSpec = 16;
			files = (
			);
			runOnlyForDeploymentPostprocessing = 0;
		};
/* End PBXCopyFilesBuildPhase section */

/* Begin PBXFileReference section */
		DC6B547A1D43A43200FC5ADC /* FMDatabase.h */ = {isa = PBXFileReference; lastKnownFileType = sourcecode.c.h; path = FMDatabase.h; sourceTree = "<group>"; };
		DC6B547B1D43A43200FC5ADC /* FMDatabase.m */ = {isa = PBXFileReference; lastKnownFileType = sourcecode.c.objc; path = FMDatabase.m; sourceTree = "<group>"; };
		DC6B547C1D43A43200FC5ADC /* FMDatabaseAdditions.h */ = {isa = PBXFileReference; lastKnownFileType = sourcecode.c.h; path = FMDatabaseAdditions.h; sourceTree = "<group>"; };
		DC6B547D1D43A43200FC5ADC /* FMDatabaseAdditions.m */ = {isa = PBXFileReference; lastKnownFileType = sourcecode.c.objc; path = FMDatabaseAdditions.m; sourceTree = "<group>"; };
		DC6B547E1D43A43200FC5ADC /* FMDatabasePool.h */ = {isa = PBXFileReference; lastKnownFileType = sourcecode.c.h; path = FMDatabasePool.h; sourceTree = "<group>"; };
		DC6B547F1D43A43200FC5ADC /* FMDatabasePool.m */ = {isa = PBXFileReference; lastKnownFileType = sourcecode.c.objc; path = FMDatabasePool.m; sourceTree = "<group>"; };
		DC6B54801D43A43200FC5ADC /* FMDatabaseQueue.h */ = {isa = PBXFileReference; lastKnownFileType = sourcecode.c.h; path = FMDatabaseQueue.h; sourceTree = "<group>"; };
		DC6B54811D43A43200FC5ADC /* FMDatabaseQueue.m */ = {isa = PBXFileReference; lastKnownFileType = sourcecode.c.objc; path = FMDatabaseQueue.m; sourceTree = "<group>"; };
		DC6B54821D43A43200FC5ADC /* FMDB.h */ = {isa = PBXFileReference; lastKnownFileType = sourcecode.c.h; path = FMDB.h; sourceTree = "<group>"; };
		DC6B54831D43A43200FC5ADC /* FMResultSet.h */ = {isa = PBXFileReference; lastKnownFileType = sourcecode.c.h; path = FMResultSet.h; sourceTree = "<group>"; };
		DC6B54841D43A43200FC5ADC /* FMResultSet.m */ = {isa = PBXFileReference; lastKnownFileType = sourcecode.c.objc; path = FMResultSet.m; sourceTree = "<group>"; };
		DC6B548B1D43A43F00FC5ADC /* JUFMDB.h */ = {isa = PBXFileReference; fileEncoding = 4; lastKnownFileType = sourcecode.c.h; path = JUFMDB.h; sourceTree = "<group>"; };
		DC6B548C1D43A43F00FC5ADC /* JUSQLdb+Delete.h */ = {isa = PBXFileReference; fileEncoding = 4; lastKnownFileType = sourcecode.c.h; path = "JUSQLdb+Delete.h"; sourceTree = "<group>"; };
		DC6B548D1D43A43F00FC5ADC /* JUSQLdb+Delete.m */ = {isa = PBXFileReference; fileEncoding = 4; lastKnownFileType = sourcecode.c.objc; path = "JUSQLdb+Delete.m"; sourceTree = "<group>"; };
		DC6B548E1D43A43F00FC5ADC /* JUSQLdb+insert.h */ = {isa = PBXFileReference; fileEncoding = 4; lastKnownFileType = sourcecode.c.h; path = "JUSQLdb+insert.h"; sourceTree = "<group>"; };
		DC6B548F1D43A43F00FC5ADC /* JUSQLdb+insert.m */ = {isa = PBXFileReference; fileEncoding = 4; lastKnownFileType = sourcecode.c.objc; path = "JUSQLdb+insert.m"; sourceTree = "<group>"; };
		DC6B54901D43A43F00FC5ADC /* JUSQLdb+Select.h */ = {isa = PBXFileReference; fileEncoding = 4; lastKnownFileType = sourcecode.c.h; path = "JUSQLdb+Select.h"; sourceTree = "<group>"; };
		DC6B54911D43A43F00FC5ADC /* JUSQLdb+Select.m */ = {isa = PBXFileReference; fileEncoding = 4; lastKnownFileType = sourcecode.c.objc; path = "JUSQLdb+Select.m"; sourceTree = "<group>"; };
		DC6B54921D43A43F00FC5ADC /* JUSQLdb+Update.h */ = {isa = PBXFileReference; fileEncoding = 4; lastKnownFileType = sourcecode.c.h; path = "JUSQLdb+Update.h"; sourceTree = "<group>"; };
		DC6B54931D43A43F00FC5ADC /* JUSQLdb+Update.m */ = {isa = PBXFileReference; fileEncoding = 4; lastKnownFileType = sourcecode.c.objc; path = "JUSQLdb+Update.m"; sourceTree = "<group>"; };
		DC6B54941D43A43F00FC5ADC /* JUSQLdb.h */ = {isa = PBXFileReference; fileEncoding = 4; lastKnownFileType = sourcecode.c.h; path = JUSQLdb.h; sourceTree = "<group>"; };
		DC6B54951D43A43F00FC5ADC /* JUSQLdb.m */ = {isa = PBXFileReference; fileEncoding = 4; lastKnownFileType = sourcecode.c.objc; path = JUSQLdb.m; sourceTree = "<group>"; };
		DC6B54961D43A43F00FC5ADC /* JUSQLQueuedb.h */ = {isa = PBXFileReference; fileEncoding = 4; lastKnownFileType = sourcecode.c.h; path = JUSQLQueuedb.h; sourceTree = "<group>"; };
		DC6B54971D43A43F00FC5ADC /* JUSQLQueuedb.m */ = {isa = PBXFileReference; fileEncoding = 4; lastKnownFileType = sourcecode.c.objc; path = JUSQLQueuedb.m; sourceTree = "<group>"; };
		DC6B54991D43A43F00FC5ADC /* JUPublicSQL.h */ = {isa = PBXFileReference; fileEncoding = 4; lastKnownFileType = sourcecode.c.h; path = JUPublicSQL.h; sourceTree = "<group>"; };
		DC6B549A1D43A43F00FC5ADC /* JUPublicSQL.m */ = {isa = PBXFileReference; fileEncoding = 4; lastKnownFileType = sourcecode.c.objc; path = JUPublicSQL.m; sourceTree = "<group>"; };
		EBFEB22D1D3C93450033AFDE /* libJsonSwithModel.a */ = {isa = PBXFileReference; explicitFileType = archive.ar; includeInIndex = 0; path = libJsonSwithModel.a; sourceTree = BUILT_PRODUCTS_DIR; };
/* End PBXFileReference section */

/* Begin PBXFrameworksBuildPhase section */
		EBFEB22A1D3C93450033AFDE /* Frameworks */ = {
			isa = PBXFrameworksBuildPhase;
			buildActionMask = 2147483647;
			files = (
			);
			runOnlyForDeploymentPostprocessing = 0;
		};
/* End PBXFrameworksBuildPhase section */

/* Begin PBXGroup section */
		DC6B54791D43A43200FC5ADC /* FMDB */ = {
			isa = PBXGroup;
			children = (
				DC6B547A1D43A43200FC5ADC /* FMDatabase.h */,
				DC6B547B1D43A43200FC5ADC /* FMDatabase.m */,
				DC6B547C1D43A43200FC5ADC /* FMDatabaseAdditions.h */,
				DC6B547D1D43A43200FC5ADC /* FMDatabaseAdditions.m */,
				DC6B547E1D43A43200FC5ADC /* FMDatabasePool.h */,
				DC6B547F1D43A43200FC5ADC /* FMDatabasePool.m */,
				DC6B54801D43A43200FC5ADC /* FMDatabaseQueue.h */,
				DC6B54811D43A43200FC5ADC /* FMDatabaseQueue.m */,
				DC6B54821D43A43200FC5ADC /* FMDB.h */,
				DC6B54831D43A43200FC5ADC /* FMResultSet.h */,
				DC6B54841D43A43200FC5ADC /* FMResultSet.m */,
			);
			path = FMDB;
			sourceTree = "<group>";
		};
		DC6B548A1D43A43F00FC5ADC /* JuFMDBSQL */ = {
			isa = PBXGroup;
			children = (
				DC6B54981D43A43F00FC5ADC /* SQLHead */,
				DC6B548B1D43A43F00FC5ADC /* JUFMDB.h */,
				DC6B548C1D43A43F00FC5ADC /* JUSQLdb+Delete.h */,
				DC6B548D1D43A43F00FC5ADC /* JUSQLdb+Delete.m */,
				DC6B548E1D43A43F00FC5ADC /* JUSQLdb+insert.h */,
				DC6B548F1D43A43F00FC5ADC /* JUSQLdb+insert.m */,
				DC6B54901D43A43F00FC5ADC /* JUSQLdb+Select.h */,
				DC6B54911D43A43F00FC5ADC /* JUSQLdb+Select.m */,
				DC6B54921D43A43F00FC5ADC /* JUSQLdb+Update.h */,
				DC6B54931D43A43F00FC5ADC /* JUSQLdb+Update.m */,
				DC6B54941D43A43F00FC5ADC /* JUSQLdb.h */,
				DC6B54951D43A43F00FC5ADC /* JUSQLdb.m */,
				DC6B54961D43A43F00FC5ADC /* JUSQLQueuedb.h */,
				DC6B54971D43A43F00FC5ADC /* JUSQLQueuedb.m */,
			);
			path = JuFMDBSQL;
			sourceTree = "<group>";
		};
		DC6B54981D43A43F00FC5ADC /* SQLHead */ = {
			isa = PBXGroup;
			children = (
				DC6B54991D43A43F00FC5ADC /* JUPublicSQL.h */,
				DC6B549A1D43A43F00FC5ADC /* JUPublicSQL.m */,
			);
			path = SQLHead;
			sourceTree = "<group>";
		};
		EBFEB2241D3C93450033AFDE = {
			isa = PBXGroup;
			children = (
				EBFEB22F1D3C93450033AFDE /* JsonSwithModel */,
				EBFEB22E1D3C93450033AFDE /* Products */,
			);
			sourceTree = "<group>";
		};
		EBFEB22E1D3C93450033AFDE /* Products */ = {
			isa = PBXGroup;
			children = (
				EBFEB22D1D3C93450033AFDE /* libJsonSwithModel.a */,
			);
			name = Products;
			sourceTree = "<group>";
		};
		EBFEB22F1D3C93450033AFDE /* JsonSwithModel */ = {
			isa = PBXGroup;
			children = (
				DC6B54791D43A43200FC5ADC /* FMDB */,
				DC6B548A1D43A43F00FC5ADC /* JuFMDBSQL */,
			);
			path = JsonSwithModel;
			sourceTree = "<group>";
		};
/* End PBXGroup section */

/* Begin PBXNativeTarget section */
		EBFEB22C1D3C93450033AFDE /* JsonSwithModel */ = {
			isa = PBXNativeTarget;
			buildConfigurationList = EBFEB2361D3C93450033AFDE /* Build configuration list for PBXNativeTarget "JsonSwithModel" */;
			buildPhases = (
				EBFEB2291D3C93450033AFDE /* Sources */,
				EBFEB22A1D3C93450033AFDE /* Frameworks */,
				EBFEB22B1D3C93450033AFDE /* CopyFiles */,
			);
			buildRules = (
			);
			dependencies = (
			);
			name = JsonSwithModel;
			productName = JsonSwithModel;
			productReference = EBFEB22D1D3C93450033AFDE /* libJsonSwithModel.a */;
			productType = "com.apple.product-type.library.static";
		};
/* End PBXNativeTarget section */

/* Begin PBXProject section */
		EBFEB2251D3C93450033AFDE /* Project object */ = {
			isa = PBXProject;
			attributes = {
				LastUpgradeCheck = 0730;
				ORGANIZATIONNAME = Juvid;
				TargetAttributes = {
					EBFEB22C1D3C93450033AFDE = {
						CreatedOnToolsVersion = 7.3.1;
					};
				};
			};
			buildConfigurationList = EBFEB2281D3C93450033AFDE /* Build configuration list for PBXProject "JsonSwithModel" */;
			compatibilityVersion = "Xcode 3.2";
			developmentRegion = English;
			hasScannedForEncodings = 0;
			knownRegions = (
				en,
			);
			mainGroup = EBFEB2241D3C93450033AFDE;
			productRefGroup = EBFEB22E1D3C93450033AFDE /* Products */;
			projectDirPath = "";
			projectRoot = "";
			targets = (
				EBFEB22C1D3C93450033AFDE /* JsonSwithModel */,
			);
		};
/* End PBXProject section */

/* Begin PBXSourcesBuildPhase section */
		EBFEB2291D3C93450033AFDE /* Sources */ = {
			isa = PBXSourcesBuildPhase;
			buildActionMask = 2147483647;
			files = (
				DC6B549E1D43A43F00FC5ADC /* JUSQLdb+insert.m in Sources */,
				DC6B54A61D43A44A00FC5ADC /* FMDatabasePool.m in Sources */,
				DC6B54A81D43A45000FC5ADC /* FMResultSet.m in Sources */,
				DC6B549D1D43A43F00FC5ADC /* JUSQLdb+Delete.m in Sources */,
				DC6B54A01D43A43F00FC5ADC /* JUSQLdb+Update.m in Sources */,
				DC6B54A71D43A44D00FC5ADC /* FMDatabaseQueue.m in Sources */,
				DC6B54A21D43A43F00FC5ADC /* JUSQLQueuedb.m in Sources */,
				DC6B549F1D43A43F00FC5ADC /* JUSQLdb+Select.m in Sources */,
				DC6B54A11D43A43F00FC5ADC /* JUSQLdb.m in Sources */,
				DC6B54A31D43A43F00FC5ADC /* JUPublicSQL.m in Sources */,
				DC6B54A51D43A44700FC5ADC /* FMDatabase.m in Sources */,
				DC6B54A41D43A44400FC5ADC /* FMDatabaseAdditions.m in Sources */,
			);
			runOnlyForDeploymentPostprocessing = 0;
		};
/* End PBXSourcesBuildPhase section */

/* Begin XCBuildConfiguration section */
		EBFEB2341D3C93450033AFDE /* Debug */ = {
			isa = XCBuildConfiguration;
			buildSettings = {
				ALWAYS_SEARCH_USER_PATHS = NO;
				CLANG_ANALYZER_NONNULL = YES;
				CLANG_CXX_LANGUAGE_STANDARD = "gnu++0x";
				CLANG_CXX_LIBRARY = "libc++";
				CLANG_ENABLE_MODULES = YES;
				CLANG_ENABLE_OBJC_ARC = YES;
				CLANG_WARN_BOOL_CONVERSION = YES;
				CLANG_WARN_CONSTANT_CONVERSION = YES;
				CLANG_WARN_DIRECT_OBJC_ISA_USAGE = YES_ERROR;
				CLANG_WARN_EMPTY_BODY = YES;
				CLANG_WARN_ENUM_CONVERSION = YES;
				CLANG_WARN_INT_CONVERSION = YES;
				CLANG_WARN_OBJC_ROOT_CLASS = YES_ERROR;
				CLANG_WARN_UNREACHABLE_CODE = YES;
				CLANG_WARN__DUPLICATE_METHOD_MATCH = YES;
				"CODE_SIGN_IDENTITY[sdk=iphoneos*]" = "iPhone Developer";
				COPY_PHASE_STRIP = NO;
				DEBUG_INFORMATION_FORMAT = dwarf;
				ENABLE_STRICT_OBJC_MSGSEND = YES;
				ENABLE_TESTABILITY = YES;
				GCC_C_LANGUAGE_STANDARD = gnu99;
				GCC_DYNAMIC_NO_PIC = NO;
				GCC_NO_COMMON_BLOCKS = YES;
				GCC_OPTIMIZATION_LEVEL = 0;
				GCC_PREPROCESSOR_DEFINITIONS = (
					"DEBUG=1",
					"$(inherited)",
				);
				GCC_WARN_64_TO_32_BIT_CONVERSION = YES;
				GCC_WARN_ABOUT_RETURN_TYPE = YES_ERROR;
				GCC_WARN_UNDECLARED_SELECTOR = YES;
				GCC_WARN_UNINITIALIZED_AUTOS = YES_AGGRESSIVE;
				GCC_WARN_UNUSED_FUNCTION = YES;
				GCC_WARN_UNUSED_VARIABLE = YES;
				IPHONEOS_DEPLOYMENT_TARGET = 9.3;
				MTL_ENABLE_DEBUG_INFO = YES;
				ONLY_ACTIVE_ARCH = YES;
				SDKROOT = iphoneos;
			};
			name = Debug;
		};
		EBFEB2351D3C93450033AFDE /* Release */ = {
			isa = XCBuildConfiguration;
			buildSettings = {
				ALWAYS_SEARCH_USER_PATHS = NO;
				CLANG_ANALYZER_NONNULL = YES;
				CLANG_CXX_LANGUAGE_STANDARD = "gnu++0x";
				CLANG_CXX_LIBRARY = "libc++";
				CLANG_ENABLE_MODULES = YES;
				CLANG_ENABLE_OBJC_ARC = YES;
				CLANG_WARN_BOOL_CONVERSION = YES;
				CLANG_WARN_CONSTANT_CONVERSION = YES;
				CLANG_WARN_DIRECT_OBJC_ISA_USAGE = YES_ERROR;
				CLANG_WARN_EMPTY_BODY = YES;
				CLANG_WARN_ENUM_CONVERSION = YES;
				CLANG_WARN_INT_CONVERSION = YES;
				CLANG_WARN_OBJC_ROOT_CLASS = YES_ERROR;
				CLANG_WARN_UNREACHABLE_CODE = YES;
				CLANG_WARN__DUPLICATE_METHOD_MATCH = YES;
				"CODE_SIGN_IDENTITY[sdk=iphoneos*]" = "iPhone Developer";
				COPY_PHASE_STRIP = NO;
				DEBUG_INFORMATION_FORMAT = "dwarf-with-dsym";
				ENABLE_NS_ASSERTIONS = NO;
				ENABLE_STRICT_OBJC_MSGSEND = YES;
				GCC_C_LANGUAGE_STANDARD = gnu99;
				GCC_NO_COMMON_BLOCKS = YES;
				GCC_WARN_64_TO_32_BIT_CONVERSION = YES;
				GCC_WARN_ABOUT_RETURN_TYPE = YES_ERROR;
				GCC_WARN_UNDECLARED_SELECTOR = YES;
				GCC_WARN_UNINITIALIZED_AUTOS = YES_AGGRESSIVE;
				GCC_WARN_UNUSED_FUNCTION = YES;
				GCC_WARN_UNUSED_VARIABLE = YES;
				IPHONEOS_DEPLOYMENT_TARGET = 9.3;
				MTL_ENABLE_DEBUG_INFO = NO;
				SDKROOT = iphoneos;
				VALIDATE_PRODUCT = YES;
			};
			name = Release;
		};
		EBFEB2371D3C93450033AFDE /* Debug */ = {
			isa = XCBuildConfiguration;
			buildSettings = {
				OTHER_LDFLAGS = "-ObjC";
				PRODUCT_NAME = "$(TARGET_NAME)";
				SKIP_INSTALL = YES;
			};
			name = Debug;
		};
		EBFEB2381D3C93450033AFDE /* Release */ = {
			isa = XCBuildConfiguration;
			buildSettings = {
				OTHER_LDFLAGS = "-ObjC";
				PRODUCT_NAME = "$(TARGET_NAME)";
				SKIP_INSTALL = YES;
			};
			name = Release;
		};
/* End XCBuildConfiguration section */

/* Begin XCConfigurationList section */
		EBFEB2281D3C93450033AFDE /* Build configuration list for PBXProject "JsonSwithModel" */ = {
			isa = XCConfigurationList;
			buildConfigurations = (
				EBFEB2341D3C93450033AFDE /* Debug */,
				EBFEB2351D3C93450033AFDE /* Release */,
			);
			defaultConfigurationIsVisible = 0;
			defaultConfigurationName = Release;
		};
		EBFEB2361D3C93450033AFDE /* Build configuration list for PBXNativeTarget "JsonSwithModel" */ = {
			isa = XCConfigurationList;
			buildConfigurations = (
				EBFEB2371D3C93450033AFDE /* Debug */,
				EBFEB2381D3C93450033AFDE /* Release */,
			);
			defaultConfigurationIsVisible = 0;
			defaultConfigurationName = Release;
		};
/* End XCConfigurationList section */
	};
	rootObject = EBFEB2251D3C93450033AFDE /* Project object */;
}
